
Microsoft Visual Studio Solution File, Format Version 12.00
# Visual Studio Version 17
VisualStudioVersion = 17.0.31919.166
MinimumVisualStudioVersion = 10.0.40219.1
Project("{2150E333-8FDC-42A3-9474-1A3956D46DE8}") = "modules", "modules", "{9A4A26DA-D946-494B-8D78-934303F6CB88}"
EndProject
Project("{2150E333-8FDC-42A3-9474-1A3956D46DE8}") = "core", "core", "{A579A036-E7B0-45F1-845E-DE1D7C9EBDAE}"
EndProject
Project("{9A19103F-16F7-4668-BE54-9A1E7A4F7556}") = "CoreModule.Application", "src\CoreModule\CoreModule.Application\CoreModule.Application.csproj", "{13123B5C-C975-49FE-92C6-F1C4E9186D88}"
EndProject
Project("{9A19103F-16F7-4668-BE54-9A1E7A4F7556}") = "CoreModule.Domain", "src\CoreModule\CoreModule.Domain\CoreModule.Domain.csproj", "{B0426D7F-0DC8-4DCB-BB47-2CECFCDBBA9A}"
EndProject
Project("{9A19103F-16F7-4668-BE54-9A1E7A4F7556}") = "UserPortalModule.Application.Contracts", "src\UserPortalModule\UserPortalModule.Application.Contracts\UserPortalModule.Application.Contracts.csproj", "{DF7D4942-8099-4B5B-AA45-54F3D0D4EFFC}"
EndProject
Project("{9A19103F-16F7-4668-BE54-9A1E7A4F7556}") = "UserPortalModule.Application", "src\UserPortalModule\UserPortalModule.Application\UserPortalModule.Application.csproj", "{44FE5F37-16EB-406F-A5B6-E9C63E7BA0E2}"
EndProject
Project("{9A19103F-16F7-4668-BE54-9A1E7A4F7556}") = "UserPortalModule.Domain", "src\UserPortalModule\UserPortalModule.Domain\UserPortalModule.Domain.csproj", "{E9CC061C-87D0-4A67-9F2B-00268CADE4B6}"
EndProject
Project("{9A19103F-16F7-4668-BE54-9A1E7A4F7556}") = "UserPortalModule.Persistence", "src\UserPortalModule\UserPortalModule.Persistence\UserPortalModule.Persistence.csproj", "{001CDE48-298E-40C7-985C-847042CD0E56}"
EndProject
Project("{9A19103F-16F7-4668-BE54-9A1E7A4F7556}") = "UserPortalModule.WebApi", "src\UserPortalModule\UserPortalModule.WebApi\UserPortalModule.WebApi.csproj", "{AA4EA029-0480-47AE-A8A7-334E15BE706A}"
EndProject
Project("{2150E333-8FDC-42A3-9474-1A3956D46DE8}") = "userPortalModule", "userPortalModule", "{A2060D5B-A87B-4DC8-A825-4C53E44D7191}"
EndProject
Project("{9A19103F-16F7-4668-BE54-9A1E7A4F7556}") = "CoreModule", "src\CoreModule\CoreModule\CoreModule.csproj", "{561ED48B-31D7-4C8C-9D54-E3A52C4C419B}"
EndProject
Project("{9A19103F-16F7-4668-BE54-9A1E7A4F7556}") = "UserPortalModule.Domain.Shared", "src\UserPortalModule\UserPortalModule.Domain.Shared\UserPortalModule.Domain.Shared.csproj", "{AD9EDD4D-8B15-49F8-A343-59C12A68E08D}"
EndProject
Project("{2150E333-8FDC-42A3-9474-1A3956D46DE8}") = "src", "src", "{A0ED3698-77B5-408F-9D5B-DEB6C8EDB974}"
EndProject
Project("{2150E333-8FDC-42A3-9474-1A3956D46DE8}") = "test", "test", "{D6EB7458-5D17-4365-B9A7-9826A2B969C4}"
EndProject
Project("{2150E333-8FDC-42A3-9474-1A3956D46DE8}") = "src", "src", "{1042DD71-9422-4CF8-AFDA-206332D7AF7E}"
EndProject
Project("{2150E333-8FDC-42A3-9474-1A3956D46DE8}") = "test", "test", "{258705EE-C488-4813-B26E-D01BB0571452}"
EndProject
Project("{9A19103F-16F7-4668-BE54-9A1E7A4F7556}") = "CoreModule.Tests", "src\CoreModule\CoreModule.Tests\CoreModule.Tests.csproj", "{4A562312-D649-4103-BB07-7B38B7AF0B87}"
EndProject
Project("{9A19103F-16F7-4668-BE54-9A1E7A4F7556}") = "CoreModule.Web", "src\CoreModule\CoreModule.Web\CoreModule.Web.csproj", "{6D76B56F-51D3-4D91-8EF7-BE5AEF9AB624}"
EndProject
Project("{9A19103F-16F7-4668-BE54-9A1E7A4F7556}") = "UserPortalModule.Infrastructure", "src\UserPortalModule\UserPortalModule.Infrastructure\UserPortalModule.Infrastructure.csproj", "{6D550C7C-BC5D-4CC7-B067-B934B8F6D5D3}"
EndProject
Project("{9A19103F-16F7-4668-BE54-9A1E7A4F7556}") = "UserPortalModule.Application.Tests", "src\UserPortalModule\UserPortalModule.Application.Tests\UserPortalModule.Application.Tests.csproj", "{7D00204E-70C0-4DB2-8482-B9FCE172165C}"
EndProject
Project("{2150E333-8FDC-42A3-9474-1A3956D46DE8}") = "Solution Items", "Solution Items", "{2B9E45BF-FB0A-4454-90D0-301F374FC428}"
	ProjectSection(SolutionItems) = preProject
		Readme.md = Readme.md
	EndProjectSection
EndProject
Project("{2150E333-8FDC-42A3-9474-1A3956D46DE8}") = "managementModule", "managementModule", "{2F8666CE-BF8D-4280-8EC4-665380AD91E3}"
EndProject
Project("{2150E333-8FDC-42A3-9474-1A3956D46DE8}") = "src", "src", "{71824382-DEBE-48AC-8727-329766C9546C}"
EndProject
Project("{2150E333-8FDC-42A3-9474-1A3956D46DE8}") = "test", "test", "{AE2EE07E-D960-4A08-A793-B02C78546B14}"
EndProject
Project("{9A19103F-16F7-4668-BE54-9A1E7A4F7556}") = "ManagementModule.Application", "src\ManagementModule\ManagementModule.Application\ManagementModule.Application.csproj", "{F9218E0A-0214-424A-86FF-81E067B941F1}"
EndProject
Project("{9A19103F-16F7-4668-BE54-9A1E7A4F7556}") = "ManagementModule.Application.Contracts", "src\ManagementModule\ManagementModule.Application.Contracts\ManagementModule.Application.Contracts.csproj", "{505A5AE2-F269-4F9F-90BF-8D614144A91C}"
EndProject
Project("{9A19103F-16F7-4668-BE54-9A1E7A4F7556}") = "ManagementModule.Domain", "src\ManagementModule\ManagementModule.Domain\ManagementModule.Domain.csproj", "{E53C80AB-04EC-4251-AB17-1AE875A48159}"
EndProject
Project("{9A19103F-16F7-4668-BE54-9A1E7A4F7556}") = "ManagementModule.Domain.Shared", "src\ManagementModule\ManagementModule.Domain.Shared\ManagementModule.Domain.Shared.csproj", "{F87E01FD-676E-4122-8F69-F57E040B1ACA}"
EndProject
Project("{9A19103F-16F7-4668-BE54-9A1E7A4F7556}") = "ManagementModule.Infrastructure", "src\ManagementModule\ManagementModule.Infrastructure\ManagementModule.Infrastructure.csproj", "{2C02C2AE-CA7A-467F-8FF8-E17AEE0DC5FD}"
EndProject
Project("{9A19103F-16F7-4668-BE54-9A1E7A4F7556}") = "ManagementModule.Persistence", "src\ManagementModule\ManagementModule.Persistence\ManagementModule.Persistence.csproj", "{E603013E-CCA8-4454-8C6A-5D96DD25F2B5}"
EndProject
Project("{9A19103F-16F7-4668-BE54-9A1E7A4F7556}") = "ManagementModule.WebApi", "src\ManagementModule\ManagementModule.WebApi\ManagementModule.WebApi.csproj", "{5561A1C2-EDB0-4C78-8232-43E8ADF6F6A8}"
EndProject
Project("{9A19103F-16F7-4668-BE54-9A1E7A4F7556}") = "ManagementModule.Application.Tests", "src\ManagementModule\ManagementModule.Application.Tests\ManagementModule.Application.Tests.csproj", "{8288F340-873B-4213-A208-BC99A3B3A00F}"
EndProject
Project("{E53339B2-1760-4266-BCC7-CA923CBCF16C}") = "docker-compose", "docker-compose.dcproj", "{FE11F7E9-10B6-4599-8362-3F2253179819}"
EndProject
Global
	GlobalSection(SolutionConfigurationPlatforms) = preSolution
		Debug|Any CPU = Debug|Any CPU
		Release|Any CPU = Release|Any CPU
	EndGlobalSection
	GlobalSection(ProjectConfigurationPlatforms) = postSolution
		{13123B5C-C975-49FE-92C6-F1C4E9186D88}.Debug|Any CPU.ActiveCfg = Debug|Any CPU
		{13123B5C-C975-49FE-92C6-F1C4E9186D88}.Debug|Any CPU.Build.0 = Debug|Any CPU
		{13123B5C-C975-49FE-92C6-F1C4E9186D88}.Release|Any CPU.ActiveCfg = Release|Any CPU
		{13123B5C-C975-49FE-92C6-F1C4E9186D88}.Release|Any CPU.Build.0 = Release|Any CPU
		{B0426D7F-0DC8-4DCB-BB47-2CECFCDBBA9A}.Debug|Any CPU.ActiveCfg = Debug|Any CPU
		{B0426D7F-0DC8-4DCB-BB47-2CECFCDBBA9A}.Debug|Any CPU.Build.0 = Debug|Any CPU
		{B0426D7F-0DC8-4DCB-BB47-2CECFCDBBA9A}.Release|Any CPU.ActiveCfg = Release|Any CPU
		{B0426D7F-0DC8-4DCB-BB47-2CECFCDBBA9A}.Release|Any CPU.Build.0 = Release|Any CPU
		{DF7D4942-8099-4B5B-AA45-54F3D0D4EFFC}.Debug|Any CPU.ActiveCfg = Debug|Any CPU
		{DF7D4942-8099-4B5B-AA45-54F3D0D4EFFC}.Debug|Any CPU.Build.0 = Debug|Any CPU
		{DF7D4942-8099-4B5B-AA45-54F3D0D4EFFC}.Release|Any CPU.ActiveCfg = Release|Any CPU
		{DF7D4942-8099-4B5B-AA45-54F3D0D4EFFC}.Release|Any CPU.Build.0 = Release|Any CPU
		{44FE5F37-16EB-406F-A5B6-E9C63E7BA0E2}.Debug|Any CPU.ActiveCfg = Debug|Any CPU
		{44FE5F37-16EB-406F-A5B6-E9C63E7BA0E2}.Debug|Any CPU.Build.0 = Debug|Any CPU
		{44FE5F37-16EB-406F-A5B6-E9C63E7BA0E2}.Release|Any CPU.ActiveCfg = Release|Any CPU
		{44FE5F37-16EB-406F-A5B6-E9C63E7BA0E2}.Release|Any CPU.Build.0 = Release|Any CPU
		{E9CC061C-87D0-4A67-9F2B-00268CADE4B6}.Debug|Any CPU.ActiveCfg = Debug|Any CPU
		{E9CC061C-87D0-4A67-9F2B-00268CADE4B6}.Debug|Any CPU.Build.0 = Debug|Any CPU
		{E9CC061C-87D0-4A67-9F2B-00268CADE4B6}.Release|Any CPU.ActiveCfg = Release|Any CPU
		{E9CC061C-87D0-4A67-9F2B-00268CADE4B6}.Release|Any CPU.Build.0 = Release|Any CPU
		{001CDE48-298E-40C7-985C-847042CD0E56}.Debug|Any CPU.ActiveCfg = Debug|Any CPU
		{001CDE48-298E-40C7-985C-847042CD0E56}.Debug|Any CPU.Build.0 = Debug|Any CPU
		{001CDE48-298E-40C7-985C-847042CD0E56}.Release|Any CPU.ActiveCfg = Release|Any CPU
		{001CDE48-298E-40C7-985C-847042CD0E56}.Release|Any CPU.Build.0 = Release|Any CPU
		{AA4EA029-0480-47AE-A8A7-334E15BE706A}.Debug|Any CPU.ActiveCfg = Debug|Any CPU
		{AA4EA029-0480-47AE-A8A7-334E15BE706A}.Debug|Any CPU.Build.0 = Debug|Any CPU
		{AA4EA029-0480-47AE-A8A7-334E15BE706A}.Release|Any CPU.ActiveCfg = Release|Any CPU
		{AA4EA029-0480-47AE-A8A7-334E15BE706A}.Release|Any CPU.Build.0 = Release|Any CPU
		{561ED48B-31D7-4C8C-9D54-E3A52C4C419B}.Debug|Any CPU.ActiveCfg = Debug|Any CPU
		{561ED48B-31D7-4C8C-9D54-E3A52C4C419B}.Debug|Any CPU.Build.0 = Debug|Any CPU
		{561ED48B-31D7-4C8C-9D54-E3A52C4C419B}.Release|Any CPU.ActiveCfg = Release|Any CPU
		{561ED48B-31D7-4C8C-9D54-E3A52C4C419B}.Release|Any CPU.Build.0 = Release|Any CPU
		{AD9EDD4D-8B15-49F8-A343-59C12A68E08D}.Debug|Any CPU.ActiveCfg = Debug|Any CPU
		{AD9EDD4D-8B15-49F8-A343-59C12A68E08D}.Debug|Any CPU.Build.0 = Debug|Any CPU
		{AD9EDD4D-8B15-49F8-A343-59C12A68E08D}.Release|Any CPU.ActiveCfg = Release|Any CPU
		{AD9EDD4D-8B15-49F8-A343-59C12A68E08D}.Release|Any CPU.Build.0 = Release|Any CPU
		{4A562312-D649-4103-BB07-7B38B7AF0B87}.Debug|Any CPU.ActiveCfg = Debug|Any CPU
		{4A562312-D649-4103-BB07-7B38B7AF0B87}.Debug|Any CPU.Build.0 = Debug|Any CPU
		{4A562312-D649-4103-BB07-7B38B7AF0B87}.Release|Any CPU.ActiveCfg = Release|Any CPU
		{4A562312-D649-4103-BB07-7B38B7AF0B87}.Release|Any CPU.Build.0 = Release|Any CPU
		{6D76B56F-51D3-4D91-8EF7-BE5AEF9AB624}.Debug|Any CPU.ActiveCfg = Debug|Any CPU
		{6D76B56F-51D3-4D91-8EF7-BE5AEF9AB624}.Debug|Any CPU.Build.0 = Debug|Any CPU
		{6D76B56F-51D3-4D91-8EF7-BE5AEF9AB624}.Release|Any CPU.ActiveCfg = Release|Any CPU
		{6D76B56F-51D3-4D91-8EF7-BE5AEF9AB624}.Release|Any CPU.Build.0 = Release|Any CPU
		{6D550C7C-BC5D-4CC7-B067-B934B8F6D5D3}.Debug|Any CPU.ActiveCfg = Debug|Any CPU
		{6D550C7C-BC5D-4CC7-B067-B934B8F6D5D3}.Debug|Any CPU.Build.0 = Debug|Any CPU
		{6D550C7C-BC5D-4CC7-B067-B934B8F6D5D3}.Release|Any CPU.ActiveCfg = Release|Any CPU
		{6D550C7C-BC5D-4CC7-B067-B934B8F6D5D3}.Release|Any CPU.Build.0 = Release|Any CPU
		{7D00204E-70C0-4DB2-8482-B9FCE172165C}.Debug|Any CPU.ActiveCfg = Debug|Any CPU
		{7D00204E-70C0-4DB2-8482-B9FCE172165C}.Debug|Any CPU.Build.0 = Debug|Any CPU
		{7D00204E-70C0-4DB2-8482-B9FCE172165C}.Release|Any CPU.ActiveCfg = Release|Any CPU
		{7D00204E-70C0-4DB2-8482-B9FCE172165C}.Release|Any CPU.Build.0 = Release|Any CPU
		{F9218E0A-0214-424A-86FF-81E067B941F1}.Debug|Any CPU.ActiveCfg = Debug|Any CPU
		{F9218E0A-0214-424A-86FF-81E067B941F1}.Debug|Any CPU.Build.0 = Debug|Any CPU
		{F9218E0A-0214-424A-86FF-81E067B941F1}.Release|Any CPU.ActiveCfg = Release|Any CPU
		{F9218E0A-0214-424A-86FF-81E067B941F1}.Release|Any CPU.Build.0 = Release|Any CPU
		{505A5AE2-F269-4F9F-90BF-8D614144A91C}.Debug|Any CPU.ActiveCfg = Debug|Any CPU
		{505A5AE2-F269-4F9F-90BF-8D614144A91C}.Debug|Any CPU.Build.0 = Debug|Any CPU
		{505A5AE2-F269-4F9F-90BF-8D614144A91C}.Release|Any CPU.ActiveCfg = Release|Any CPU
		{505A5AE2-F269-4F9F-90BF-8D614144A91C}.Release|Any CPU.Build.0 = Release|Any CPU
		{E53C80AB-04EC-4251-AB17-1AE875A48159}.Debug|Any CPU.ActiveCfg = Debug|Any CPU
		{E53C80AB-04EC-4251-AB17-1AE875A48159}.Debug|Any CPU.Build.0 = Debug|Any CPU
		{E53C80AB-04EC-4251-AB17-1AE875A48159}.Release|Any CPU.ActiveCfg = Release|Any CPU
		{E53C80AB-04EC-4251-AB17-1AE875A48159}.Release|Any CPU.Build.0 = Release|Any CPU
		{F87E01FD-676E-4122-8F69-F57E040B1ACA}.Debug|Any CPU.ActiveCfg = Debug|Any CPU
		{F87E01FD-676E-4122-8F69-F57E040B1ACA}.Debug|Any CPU.Build.0 = Debug|Any CPU
		{F87E01FD-676E-4122-8F69-F57E040B1ACA}.Release|Any CPU.ActiveCfg = Release|Any CPU
		{F87E01FD-676E-4122-8F69-F57E040B1ACA}.Release|Any CPU.Build.0 = Release|Any CPU
		{2C02C2AE-CA7A-467F-8FF8-E17AEE0DC5FD}.Debug|Any CPU.ActiveCfg = Debug|Any CPU
		{2C02C2AE-CA7A-467F-8FF8-E17AEE0DC5FD}.Debug|Any CPU.Build.0 = Debug|Any CPU
		{2C02C2AE-CA7A-467F-8FF8-E17AEE0DC5FD}.Release|Any CPU.ActiveCfg = Release|Any CPU
		{2C02C2AE-CA7A-467F-8FF8-E17AEE0DC5FD}.Release|Any CPU.Build.0 = Release|Any CPU
		{E603013E-CCA8-4454-8C6A-5D96DD25F2B5}.Debug|Any CPU.ActiveCfg = Debug|Any CPU
		{E603013E-CCA8-4454-8C6A-5D96DD25F2B5}.Debug|Any CPU.Build.0 = Debug|Any CPU
		{E603013E-CCA8-4454-8C6A-5D96DD25F2B5}.Release|Any CPU.ActiveCfg = Release|Any CPU
		{E603013E-CCA8-4454-8C6A-5D96DD25F2B5}.Release|Any CPU.Build.0 = Release|Any CPU
		{5561A1C2-EDB0-4C78-8232-43E8ADF6F6A8}.Debug|Any CPU.ActiveCfg = Debug|Any CPU
		{5561A1C2-EDB0-4C78-8232-43E8ADF6F6A8}.Debug|Any CPU.Build.0 = Debug|Any CPU
		{5561A1C2-EDB0-4C78-8232-43E8ADF6F6A8}.Release|Any CPU.ActiveCfg = Release|Any CPU
		{5561A1C2-EDB0-4C78-8232-43E8ADF6F6A8}.Release|Any CPU.Build.0 = Release|Any CPU
		{8288F340-873B-4213-A208-BC99A3B3A00F}.Debug|Any CPU.ActiveCfg = Debug|Any CPU
		{8288F340-873B-4213-A208-BC99A3B3A00F}.Debug|Any CPU.Build.0 = Debug|Any CPU
		{8288F340-873B-4213-A208-BC99A3B3A00F}.Release|Any CPU.ActiveCfg = Release|Any CPU
		{8288F340-873B-4213-A208-BC99A3B3A00F}.Release|Any CPU.Build.0 = Release|Any CPU
		{FE11F7E9-10B6-4599-8362-3F2253179819}.Debug|Any CPU.ActiveCfg = Debug|Any CPU
		{FE11F7E9-10B6-4599-8362-3F2253179819}.Debug|Any CPU.Build.0 = Debug|Any CPU
		{FE11F7E9-10B6-4599-8362-3F2253179819}.Release|Any CPU.ActiveCfg = Release|Any CPU
		{FE11F7E9-10B6-4599-8362-3F2253179819}.Release|Any CPU.Build.0 = Release|Any CPU
	EndGlobalSection
	GlobalSection(SolutionProperties) = preSolution
		HideSolutionNode = FALSE
	EndGlobalSection
	GlobalSection(NestedProjects) = preSolution
		{13123B5C-C975-49FE-92C6-F1C4E9186D88} = {1042DD71-9422-4CF8-AFDA-206332D7AF7E}
		{B0426D7F-0DC8-4DCB-BB47-2CECFCDBBA9A} = {1042DD71-9422-4CF8-AFDA-206332D7AF7E}
		{DF7D4942-8099-4B5B-AA45-54F3D0D4EFFC} = {A0ED3698-77B5-408F-9D5B-DEB6C8EDB974}
		{44FE5F37-16EB-406F-A5B6-E9C63E7BA0E2} = {A0ED3698-77B5-408F-9D5B-DEB6C8EDB974}
		{E9CC061C-87D0-4A67-9F2B-00268CADE4B6} = {A0ED3698-77B5-408F-9D5B-DEB6C8EDB974}
		{001CDE48-298E-40C7-985C-847042CD0E56} = {A0ED3698-77B5-408F-9D5B-DEB6C8EDB974}
		{AA4EA029-0480-47AE-A8A7-334E15BE706A} = {A0ED3698-77B5-408F-9D5B-DEB6C8EDB974}
		{A2060D5B-A87B-4DC8-A825-4C53E44D7191} = {9A4A26DA-D946-494B-8D78-934303F6CB88}
		{561ED48B-31D7-4C8C-9D54-E3A52C4C419B} = {1042DD71-9422-4CF8-AFDA-206332D7AF7E}
		{AD9EDD4D-8B15-49F8-A343-59C12A68E08D} = {A0ED3698-77B5-408F-9D5B-DEB6C8EDB974}
		{A0ED3698-77B5-408F-9D5B-DEB6C8EDB974} = {A2060D5B-A87B-4DC8-A825-4C53E44D7191}
		{D6EB7458-5D17-4365-B9A7-9826A2B969C4} = {A2060D5B-A87B-4DC8-A825-4C53E44D7191}
		{1042DD71-9422-4CF8-AFDA-206332D7AF7E} = {A579A036-E7B0-45F1-845E-DE1D7C9EBDAE}
		{258705EE-C488-4813-B26E-D01BB0571452} = {A579A036-E7B0-45F1-845E-DE1D7C9EBDAE}
		{4A562312-D649-4103-BB07-7B38B7AF0B87} = {258705EE-C488-4813-B26E-D01BB0571452}
		{6D76B56F-51D3-4D91-8EF7-BE5AEF9AB624} = {1042DD71-9422-4CF8-AFDA-206332D7AF7E}
		{6D550C7C-BC5D-4CC7-B067-B934B8F6D5D3} = {A0ED3698-77B5-408F-9D5B-DEB6C8EDB974}
		{7D00204E-70C0-4DB2-8482-B9FCE172165C} = {D6EB7458-5D17-4365-B9A7-9826A2B969C4}
		{2F8666CE-BF8D-4280-8EC4-665380AD91E3} = {9A4A26DA-D946-494B-8D78-934303F6CB88}
		{71824382-DEBE-48AC-8727-329766C9546C} = {2F8666CE-BF8D-4280-8EC4-665380AD91E3}
		{AE2EE07E-D960-4A08-A793-B02C78546B14} = {2F8666CE-BF8D-4280-8EC4-665380AD91E3}
		{F9218E0A-0214-424A-86FF-81E067B941F1} = {71824382-DEBE-48AC-8727-329766C9546C}
		{505A5AE2-F269-4F9F-90BF-8D614144A91C} = {71824382-DEBE-48AC-8727-329766C9546C}
		{E53C80AB-04EC-4251-AB17-1AE875A48159} = {71824382-DEBE-48AC-8727-329766C9546C}
		{F87E01FD-676E-4122-8F69-F57E040B1ACA} = {71824382-DEBE-48AC-8727-329766C9546C}
		{2C02C2AE-CA7A-467F-8FF8-E17AEE0DC5FD} = {71824382-DEBE-48AC-8727-329766C9546C}
		{E603013E-CCA8-4454-8C6A-5D96DD25F2B5} = {71824382-DEBE-48AC-8727-329766C9546C}
		{5561A1C2-EDB0-4C78-8232-43E8ADF6F6A8} = {71824382-DEBE-48AC-8727-329766C9546C}
		{8288F340-873B-4213-A208-BC99A3B3A00F} = {AE2EE07E-D960-4A08-A793-B02C78546B14}
	EndGlobalSection
	GlobalSection(ExtensibilityGlobals) = postSolution
		SolutionGuid = {18FFFD96-0778-4D7E-B5B4-B178621A171C}
	EndGlobalSection
EndGlobal
